
Microsoft Visual Studio Solution File, Format Version 9.00
# Visual Studio 2005
Project("{FAE04EC0-301F-11D3-BF4B-00C04F79EFBC}") = "libdb_dotNET43", "src\libdb_dotNET43.csproj", "{1952E106-DA43-417B-86E4-F0DD53DA08AF}"
EndProject
Project("{FAE04EC0-301F-11D3-BF4B-00C04F79EFBC}") = "getting_started", "demo\getting_started\getting_started.csproj", "{76F187D8-C07B-486B-A2F0-4011EE1B3FF3}"
EndProject
Project("{FAE04EC0-301F-11D3-BF4B-00C04F79EFBC}") = "overview", "demo\overview\overview.csproj", "{044264F3-C6B1-43E9-A6FC-20DFF774B25C}"
EndProject
Project("{FAE04EC0-301F-11D3-BF4B-00C04F79EFBC}") = "Serialization", "Serialization\Serialization.csproj", "{9BD52E3A-738D-4959-937F-3EC77F2FA0C2}"
EndProject
Project("{FAE04EC0-301F-11D3-BF4B-00C04F79EFBC}") = "libdb_dotNET45", "src\libdb_dotNET45.csproj", "{2EBEC016-4303-4946-8EE1-BC42B950498D}"
EndProject
Project("{FAE04EC0-301F-11D3-BF4B-00C04F79EFBC}") = "Utils43", "Utils\Utils43.csproj", "{C0D0BE94-DBFF-4065-BC79-FE3668DBBA40}"
EndProject
Project("{FAE04EC0-301F-11D3-BF4B-00C04F79EFBC}") = "Utils45", "Utils\Utils45.csproj", "{76BF2191-4603-4FC0-B11E-0A1B569CEFBD}"
EndProject
Global
	GlobalSection(SolutionConfigurationPlatforms) = preSolution
		ASCII Debug|Any CPU = ASCII Debug|Any CPU
		ASCII Release|Any CPU = ASCII Release|Any CPU
		Debug AMD64|Any CPU = Debug AMD64|Any CPU
		Debug IA64|Any CPU = Debug IA64|Any CPU
		Debug|Any CPU = Debug|Any CPU
		Release AMD64|Any CPU = Release AMD64|Any CPU
		Release IA64|Any CPU = Release IA64|Any CPU
		Release|Any CPU = Release|Any CPU
	EndGlobalSection
	GlobalSection(ProjectConfigurationPlatforms) = postSolution
		{1952E106-DA43-417B-86E4-F0DD53DA08AF}.ASCII Debug|Any CPU.ActiveCfg = Debug|Any CPU
		{1952E106-DA43-417B-86E4-F0DD53DA08AF}.ASCII Debug|Any CPU.Build.0 = Debug|Any CPU
		{1952E106-DA43-417B-86E4-F0DD53DA08AF}.ASCII Release|Any CPU.ActiveCfg = Release|Any CPU
		{1952E106-DA43-417B-86E4-F0DD53DA08AF}.ASCII Release|Any CPU.Build.0 = Release|Any CPU
		{1952E106-DA43-417B-86E4-F0DD53DA08AF}.Debug AMD64|Any CPU.ActiveCfg = Debug|Any CPU
		{1952E106-DA43-417B-86E4-F0DD53DA08AF}.Debug AMD64|Any CPU.Build.0 = Debug|Any CPU
		{1952E106-DA43-417B-86E4-F0DD53DA08AF}.Debug IA64|Any CPU.ActiveCfg = Debug|Any CPU
		{1952E106-DA43-417B-86E4-F0DD53DA08AF}.Debug IA64|Any CPU.Build.0 = Debug|Any CPU
		{1952E106-DA43-417B-86E4-F0DD53DA08AF}.Debug|Any CPU.ActiveCfg = Debug|Any CPU
		{1952E106-DA43-417B-86E4-F0DD53DA08AF}.Debug|Any CPU.Build.0 = Debug|Any CPU
		{1952E106-DA43-417B-86E4-F0DD53DA08AF}.Release AMD64|Any CPU.ActiveCfg = Release|Any CPU
		{1952E106-DA43-417B-86E4-F0DD53DA08AF}.Release AMD64|Any CPU.Build.0 = Release|Any CPU
		{1952E106-DA43-417B-86E4-F0DD53DA08AF}.Release IA64|Any CPU.ActiveCfg = Release|Any CPU
		{1952E106-DA43-417B-86E4-F0DD53DA08AF}.Release IA64|Any CPU.Build.0 = Release|Any CPU
		{1952E106-DA43-417B-86E4-F0DD53DA08AF}.Release|Any CPU.ActiveCfg = Release|Any CPU
		{1952E106-DA43-417B-86E4-F0DD53DA08AF}.Release|Any CPU.Build.0 = Release|Any CPU
		{76F187D8-C07B-486B-A2F0-4011EE1B3FF3}.ASCII Debug|Any CPU.ActiveCfg = Debug|Any CPU
		{76F187D8-C07B-486B-A2F0-4011EE1B3FF3}.ASCII Debug|Any CPU.Build.0 = Debug|Any CPU
		{76F187D8-C07B-486B-A2F0-4011EE1B3FF3}.ASCII Release|Any CPU.ActiveCfg = Release|Any CPU
		{76F187D8-C07B-486B-A2F0-4011EE1B3FF3}.ASCII Release|Any CPU.Build.0 = Release|Any CPU
		{76F187D8-C07B-486B-A2F0-4011EE1B3FF3}.Debug AMD64|Any CPU.ActiveCfg = Debug|Any CPU
		{76F187D8-C07B-486B-A2F0-4011EE1B3FF3}.Debug AMD64|Any CPU.Build.0 = Debug|Any CPU
		{76F187D8-C07B-486B-A2F0-4011EE1B3FF3}.Debug IA64|Any CPU.ActiveCfg = Debug|Any CPU
		{76F187D8-C07B-486B-A2F0-4011EE1B3FF3}.Debug IA64|Any CPU.Build.0 = Debug|Any CPU
		{76F187D8-C07B-486B-A2F0-4011EE1B3FF3}.Debug|Any CPU.ActiveCfg = Debug|Any CPU
		{76F187D8-C07B-486B-A2F0-4011EE1B3FF3}.Debug|Any CPU.Build.0 = Debug|Any CPU
		{76F187D8-C07B-486B-A2F0-4011EE1B3FF3}.Release AMD64|Any CPU.ActiveCfg = Release|Any CPU
		{76F187D8-C07B-486B-A2F0-4011EE1B3FF3}.Release AMD64|Any CPU.Build.0 = Release|Any CPU
		{76F187D8-C07B-486B-A2F0-4011EE1B3FF3}.Release IA64|Any CPU.ActiveCfg = Release|Any CPU
		{76F187D8-C07B-486B-A2F0-4011EE1B3FF3}.Release IA64|Any CPU.Build.0 = Release|Any CPU
		{76F187D8-C07B-486B-A2F0-4011EE1B3FF3}.Release|Any CPU.ActiveCfg = Release|Any CPU
		{76F187D8-C07B-486B-A2F0-4011EE1B3FF3}.Release|Any CPU.Build.0 = Release|Any CPU
		{044264F3-C6B1-43E9-A6FC-20DFF774B25C}.ASCII Debug|Any CPU.ActiveCfg = Debug|Any CPU
		{044264F3-C6B1-43E9-A6FC-20DFF774B25C}.ASCII Debug|Any CPU.Build.0 = Debug|Any CPU
		{044264F3-C6B1-43E9-A6FC-20DFF774B25C}.ASCII Release|Any CPU.ActiveCfg = Release|Any CPU
		{044264F3-C6B1-43E9-A6FC-20DFF774B25C}.ASCII Release|Any CPU.Build.0 = Release|Any CPU
		{044264F3-C6B1-43E9-A6FC-20DFF774B25C}.Debug AMD64|Any CPU.ActiveCfg = Debug|Any CPU
		{044264F3-C6B1-43E9-A6FC-20DFF774B25C}.Debug AMD64|Any CPU.Build.0 = Debug|Any CPU
		{044264F3-C6B1-43E9-A6FC-20DFF774B25C}.Debug IA64|Any CPU.ActiveCfg = Debug|Any CPU
		{044264F3-C6B1-43E9-A6FC-20DFF774B25C}.Debug IA64|Any CPU.Build.0 = Debug|Any CPU
		{044264F3-C6B1-43E9-A6FC-20DFF774B25C}.Debug|Any CPU.ActiveCfg = Debug|Any CPU
		{044264F3-C6B1-43E9-A6FC-20DFF774B25C}.Debug|Any CPU.Build.0 = Debug|Any CPU
		{044264F3-C6B1-43E9-A6FC-20DFF774B25C}.Release AMD64|Any CPU.ActiveCfg = Release|Any CPU
		{044264F3-C6B1-43E9-A6FC-20DFF774B25C}.Release AMD64|Any CPU.Build.0 = Release|Any CPU
		{044264F3-C6B1-43E9-A6FC-20DFF774B25C}.Release IA64|Any CPU.ActiveCfg = Release|Any CPU
		{044264F3-C6B1-43E9-A6FC-20DFF774B25C}.Release IA64|Any CPU.Build.0 = Release|Any CPU
		{044264F3-C6B1-43E9-A6FC-20DFF774B25C}.Release|Any CPU.ActiveCfg = Release|Any CPU
		{044264F3-C6B1-43E9-A6FC-20DFF774B25C}.Release|Any CPU.Build.0 = Release|Any CPU
		{9BD52E3A-738D-4959-937F-3EC77F2FA0C2}.ASCII Debug|Any CPU.ActiveCfg = Debug|Any CPU
		{9BD52E3A-738D-4959-937F-3EC77F2FA0C2}.ASCII Debug|Any CPU.Build.0 = Debug|Any CPU
		{9BD52E3A-738D-4959-937F-3EC77F2FA0C2}.ASCII Release|Any CPU.ActiveCfg = Release|Any CPU
		{9BD52E3A-738D-4959-937F-3EC77F2FA0C2}.ASCII Release|Any CPU.Build.0 = Release|Any CPU
		{9BD52E3A-738D-4959-937F-3EC77F2FA0C2}.Debug AMD64|Any CPU.ActiveCfg = Debug|Any CPU
		{9BD52E3A-738D-4959-937F-3EC77F2FA0C2}.Debug AMD64|Any CPU.Build.0 = Debug|Any CPU
		{9BD52E3A-738D-4959-937F-3EC77F2FA0C2}.Debug IA64|Any CPU.ActiveCfg = Debug|Any CPU
		{9BD52E3A-738D-4959-937F-3EC77F2FA0C2}.Debug IA64|Any CPU.Build.0 = Debug|Any CPU
		{9BD52E3A-738D-4959-937F-3EC77F2FA0C2}.Debug|Any CPU.ActiveCfg = Debug|Any CPU
		{9BD52E3A-738D-4959-937F-3EC77F2FA0C2}.Debug|Any CPU.Build.0 = Debug|Any CPU
		{9BD52E3A-738D-4959-937F-3EC77F2FA0C2}.Release AMD64|Any CPU.ActiveCfg = Release|Any CPU
		{9BD52E3A-738D-4959-937F-3EC77F2FA0C2}.Release AMD64|Any CPU.Build.0 = Release|Any CPU
		{9BD52E3A-738D-4959-937F-3EC77F2FA0C2}.Release IA64|Any CPU.ActiveCfg = Release|Any CPU
		{9BD52E3A-738D-4959-937F-3EC77F2FA0C2}.Release IA64|Any CPU.Build.0 = Release|Any CPU
		{9BD52E3A-738D-4959-937F-3EC77F2FA0C2}.Release|Any CPU.ActiveCfg = Release|Any CPU
		{9BD52E3A-738D-4959-937F-3EC77F2FA0C2}.Release|Any CPU.Build.0 = Release|Any CPU
		{2EBEC016-4303-4946-8EE1-BC42B950498D}.ASCII Debug|Any CPU.ActiveCfg = Debug|Any CPU
		{2EBEC016-4303-4946-8EE1-BC42B950498D}.ASCII Debug|Any CPU.Build.0 = Debug|Any CPU
		{2EBEC016-4303-4946-8EE1-BC42B950498D}.ASCII Release|Any CPU.ActiveCfg = Release|Any CPU
		{2EBEC016-4303-4946-8EE1-BC42B950498D}.ASCII Release|Any CPU.Build.0 = Release|Any CPU
		{2EBEC016-4303-4946-8EE1-BC42B950498D}.Debug AMD64|Any CPU.ActiveCfg = Debug|Any CPU
		{2EBEC016-4303-4946-8EE1-BC42B950498D}.Debug AMD64|Any CPU.Build.0 = Debug|Any CPU
		{2EBEC016-4303-4946-8EE1-BC42B950498D}.Debug IA64|Any CPU.ActiveCfg = Debug|Any CPU
		{2EBEC016-4303-4946-8EE1-BC42B950498D}.Debug IA64|Any CPU.Build.0 = Debug|Any CPU
		{2EBEC016-4303-4946-8EE1-BC42B950498D}.Debug|Any CPU.ActiveCfg = Debug|Any CPU
		{2EBEC016-4303-4946-8EE1-BC42B950498D}.Debug|Any CPU.Build.0 = Debug|Any CPU
		{2EBEC016-4303-4946-8EE1-BC42B950498D}.Release AMD64|Any CPU.ActiveCfg = Release|Any CPU
		{2EBEC016-4303-4946-8EE1-BC42B950498D}.Release AMD64|Any CPU.Build.0 = Release|Any CPU
		{2EBEC016-4303-4946-8EE1-BC42B950498D}.Release IA64|Any CPU.ActiveCfg = Release|Any CPU
		{2EBEC016-4303-4946-8EE1-BC42B950498D}.Release IA64|Any CPU.Build.0 = Release|Any CPU
		{2EBEC016-4303-4946-8EE1-BC42B950498D}.Release|Any CPU.ActiveCfg = Release|Any CPU
		{2EBEC016-4303-4946-8EE1-BC42B950498D}.Release|Any CPU.Build.0 = Release|Any CPU
		{C0D0BE94-DBFF-4065-BC79-FE3668DBBA40}.ASCII Debug|Any CPU.ActiveCfg = Debug|Any CPU
		{C0D0BE94-DBFF-4065-BC79-FE3668DBBA40}.ASCII Debug|Any CPU.Build.0 = Debug|Any CPU
		{C0D0BE94-DBFF-4065-BC79-FE3668DBBA40}.ASCII Release|Any CPU.ActiveCfg = Release|Any CPU
		{C0D0BE94-DBFF-4065-BC79-FE3668DBBA40}.ASCII Release|Any CPU.Build.0 = Release|Any CPU
		{C0D0BE94-DBFF-4065-BC79-FE3668DBBA40}.Debug AMD64|Any CPU.ActiveCfg = Debug|Any CPU
		{C0D0BE94-DBFF-4065-BC79-FE3668DBBA40}.Debug AMD64|Any CPU.Build.0 = Debug|Any CPU
		{C0D0BE94-DBFF-4065-BC79-FE3668DBBA40}.Debug IA64|Any CPU.ActiveCfg = Debug|Any CPU
		{C0D0BE94-DBFF-4065-BC79-FE3668DBBA40}.Debug IA64|Any CPU.Build.0 = Debug|Any CPU
		{C0D0BE94-DBFF-4065-BC79-FE3668DBBA40}.Debug|Any CPU.ActiveCfg = Debug|Any CPU
		{C0D0BE94-DBFF-4065-BC79-FE3668DBBA40}.Debug|Any CPU.Build.0 = Debug|Any CPU
		{C0D0BE94-DBFF-4065-BC79-FE3668DBBA40}.Release AMD64|Any CPU.ActiveCfg = Release|Any CPU
		{C0D0BE94-DBFF-4065-BC79-FE3668DBBA40}.Release AMD64|Any CPU.Build.0 = Release|Any CPU
		{C0D0BE94-DBFF-4065-BC79-FE3668DBBA40}.Release IA64|Any CPU.ActiveCfg = Release|Any CPU
		{C0D0BE94-DBFF-4065-BC79-FE3668DBBA40}.Release IA64|Any CPU.Build.0 = Release|Any CPU
		{C0D0BE94-DBFF-4065-BC79-FE3668DBBA40}.Release|Any CPU.ActiveCfg = Release|Any CPU
		{C0D0BE94-DBFF-4065-BC79-FE3668DBBA40}.Release|Any CPU.Build.0 = Release|Any CPU
		{76BF2191-4603-4FC0-B11E-0A1B569CEFBD}.ASCII Debug|Any CPU.ActiveCfg = Debug|Any CPU
		{76BF2191-4603-4FC0-B11E-0A1B569CEFBD}.ASCII Debug|Any CPU.Build.0 = Debug|Any CPU
		{76BF2191-4603-4FC0-B11E-0A1B569CEFBD}.ASCII Release|Any CPU.ActiveCfg = Release|Any CPU
		{76BF2191-4603-4FC0-B11E-0A1B569CEFBD}.ASCII Release|Any CPU.Build.0 = Release|Any CPU
		{76BF2191-4603-4FC0-B11E-0A1B569CEFBD}.Debug AMD64|Any CPU.ActiveCfg = Debug|Any CPU
		{76BF2191-4603-4FC0-B11E-0A1B569CEFBD}.Debug AMD64|Any CPU.Build.0 = Debug|Any CPU
		{76BF2191-4603-4FC0-B11E-0A1B569CEFBD}.Debug IA64|Any CPU.ActiveCfg = Debug|Any CPU
		{76BF2191-4603-4FC0-B11E-0A1B569CEFBD}.Debug IA64|Any CPU.Build.0 = Debug|Any CPU
		{76BF2191-4603-4FC0-B11E-0A1B569CEFBD}.Debug|Any CPU.ActiveCfg = Debug|Any CPU
		{76BF2191-4603-4FC0-B11E-0A1B569CEFBD}.Debug|Any CPU.Build.0 = Debug|Any CPU
		{76BF2191-4603-4FC0-B11E-0A1B569CEFBD}.Release AMD64|Any CPU.ActiveCfg = Release|Any CPU
		{76BF2191-4603-4FC0-B11E-0A1B569CEFBD}.Release AMD64|Any CPU.Build.0 = Release|Any CPU
		{76BF2191-4603-4FC0-B11E-0A1B569CEFBD}.Release IA64|Any CPU.ActiveCfg = Release|Any CPU
		{76BF2191-4603-4FC0-B11E-0A1B569CEFBD}.Release IA64|Any CPU.Build.0 = Release|Any CPU
		{76BF2191-4603-4FC0-B11E-0A1B569CEFBD}.Release|Any CPU.ActiveCfg = Release|Any CPU
		{76BF2191-4603-4FC0-B11E-0A1B569CEFBD}.Release|Any CPU.Build.0 = Release|Any CPU
	EndGlobalSection
	GlobalSection(SolutionProperties) = preSolution
		HideSolutionNode = FALSE
	EndGlobalSection
EndGlobal
